{
  "name": "ons-importer",
  "version": "0.0.0",
  "dependencies": {
    "abbrev": {
      "version": "1.1.0",
      "dev": true
    },
    "accepts": {
      "version": "1.3.3"
    },
    "ajv": {
      "version": "4.11.8"
    },
    "align-text": {
      "version": "0.1.4",
      "dev": true
    },
    "amdefine": {
      "version": "1.0.1",
      "dev": true
    },
    "ansi-regex": {
      "version": "2.1.1"
    },
    "ansi-styles": {
      "version": "2.2.1"
    },
    "argparse": {
      "version": "1.0.9"
    },
    "arguments-extended": {
      "version": "0.0.3"
    },
    "array-differ": {
      "version": "1.0.0",
      "dev": true
    },
    "array-extended": {
      "version": "0.0.11"
    },
    "array-find-index": {
      "version": "1.0.2",
      "dev": true
    },
    "array-flatten": {
      "version": "1.1.1"
    },
    "array-union": {
      "version": "1.0.2",
      "dev": true
    },
    "array-uniq": {
      "version": "1.0.3",
      "dev": true
    },
    "arrify": {
      "version": "1.0.1",
      "dev": true
    },
    "asap": {
      "version": "2.0.6"
    },
    "asn1": {
      "version": "0.2.3"
    },
    "assert-plus": {
      "version": "0.2.0"
    },
    "assertion-error": {
      "version": "1.0.2",
      "dev": true
    },
    "async": {
      "version": "1.5.2",
      "dev": true
    },
    "asynckit": {
      "version": "0.4.0"
    },
    "aws-sign2": {
      "version": "0.6.0"
    },
    "aws4": {
      "version": "1.6.0"
    },
    "balanced-match": {
      "version": "0.4.2",
      "dev": true
    },
    "bcrypt-pbkdf": {
      "version": "1.0.1",
      "optional": true
    },
    "bl": {
      "version": "0.9.5"
    },
    "bluebird": {
      "version": "2.11.0"
    },
    "body-parser": {
      "version": "1.17.2",
      "from": "body-parser@latest",
      "resolved": "http://repo.digital.gov.uk/repository/npm-all/body-parser/-/body-parser-1.17.2.tgz",
      "dependencies": {
        "iconv-lite": {
          "version": "0.4.15",
          "from": "iconv-lite@0.4.15",
          "resolved": "http://repo.digital.gov.uk/repository/npm-all/iconv-lite/-/iconv-lite-0.4.15.tgz"
        }
      }
    },
    "boom": {
      "version": "2.10.1"
    },
    "brace-expansion": {
      "version": "1.1.7",
      "dev": true
    },
    "browser-request": {
      "version": "0.3.3"
    },
    "builtin-modules": {
      "version": "1.1.1",
      "dev": true
    },
    "bytes": {
      "version": "2.4.0",
      "from": "bytes@2.4.0",
      "resolved": "http://repo.digital.gov.uk/repository/npm-all/bytes/-/bytes-2.4.0.tgz"
    },
    "camelcase": {
      "version": "2.1.1",
      "dev": true
    },
    "camelcase-keys": {
      "version": "2.1.0",
      "dev": true
    },
    "caseless": {
      "version": "0.12.0"
    },
    "center-align": {
      "version": "0.1.3",
      "dev": true,
      "optional": true
    },
    "chai": {
      "version": "3.5.0",
      "dev": true
    },
    "chalk": {
      "version": "1.1.3"
    },
    "cliui": {
      "version": "2.1.0",
      "dependencies": {
        "wordwrap": {
          "version": "0.0.2",
          "dev": true,
          "optional": true
        }
      },
      "dev": true,
      "optional": true
    },
    "co": {
      "version": "4.6.0"
    },
    "coffee-script": {
      "version": "1.10.0",
      "dev": true
    },
    "colors": {
      "version": "1.1.2",
      "dev": true
    },
    "combined-stream": {
      "version": "1.0.5"
    },
    "commander": {
      "version": "2.11.0"
    },
    "concat-map": {
      "version": "0.0.1",
      "dev": true
    },
    "config-weaver": {
      "version": "0.0.15"
    },
    "content-disposition": {
      "version": "0.5.2"
    },
    "content-type": {
      "version": "1.0.2"
    },
    "cookie": {
      "version": "0.3.1"
    },
    "cookie-signature": {
      "version": "1.0.6"
    },
    "core-util-is": {
      "version": "1.0.2"
    },
    "cron-parser": {
      "version": "2.4.1"
    },
    "cryptiles": {
      "version": "2.0.5"
    },
    "cson": {
      "version": "3.0.2",
      "dev": true
    },
    "cson-parser": {
      "version": "1.3.5",
      "dev": true
    },
    "ctype": {
      "version": "0.5.3"
    },
    "currently-unhandled": {
      "version": "0.4.1",
      "dev": true
    },
    "dashdash": {
      "version": "1.14.1",
      "dependencies": {
        "assert-plus": {
          "version": "1.0.0"
        }
      }
    },
    "date-duration": {
      "version": "1.0.1"
    },
    "date-extended": {
      "version": "0.0.6"
    },
    "dateformat": {
      "version": "1.0.12",
      "dev": true
    },
    "debug": {
      "version": "2.6.7"
    },
    "decamelize": {
      "version": "1.2.0",
      "dev": true
    },
    "declare.js": {
      "version": "0.0.8"
    },
    "deep-eql": {
      "version": "0.1.3",
      "dependencies": {
        "type-detect": {
          "version": "0.1.1",
          "dev": true
        }
      },
      "dev": true
    },
    "deep-equal": {
      "version": "1.0.1",
      "dev": true
    },
    "deep-is": {
      "version": "0.1.3",
      "dev": true
    },
    "define-properties": {
      "version": "1.1.2"
    },
    "delayed-stream": {
      "version": "1.0.0"
    },
    "depd": {
      "version": "1.1.0"
    },
    "destroy": {
      "version": "1.0.4"
    },
    "eachr": {
      "version": "3.2.0",
      "dev": true
    },
    "ecc-jsbn": {
      "version": "0.1.1",
      "optional": true
    },
    "editions": {
      "version": "1.3.3",
      "dev": true
    },
    "ee-first": {
      "version": "1.1.1"
    },
    "elasticsearch": {
      "version": "12.1.3",
      "dependencies": {
        "lodash": {
          "version": "4.17.4"
        }
      }
    },
    "encodeurl": {
      "version": "1.0.1"
    },
    "error-ex": {
      "version": "1.3.1",
      "dev": true
    },
    "errs": {
      "version": "0.3.2"
    },
    "escape-html": {
      "version": "1.0.3"
    },
    "escape-string-regexp": {
      "version": "1.0.5"
    },
    "escodegen": {
      "version": "1.8.1",
      "dependencies": {
        "esprima": {
          "version": "2.7.3",
          "dev": true
        }
      },
      "dev": true
    },
    "esprima": {
      "version": "3.1.3"
    },
    "estraverse": {
      "version": "1.9.3",
      "dev": true
    },
    "esutils": {
      "version": "2.0.2",
      "dev": true
    },
    "etag": {
      "version": "1.8.0"
    },
    "eventemitter2": {
      "version": "0.4.14",
      "dev": true
    },
    "exit": {
      "version": "0.1.2",
      "dev": true
    },
    "express": {
      "version": "4.15.3"
    },
    "extend": {
      "version": "3.0.1"
    },
    "extended": {
      "version": "0.0.6"
    },
    "extender": {
      "version": "0.0.10"
    },
    "extract-opts": {
      "version": "3.3.1",
      "dev": true
    },
    "extsprintf": {
      "version": "1.0.2"
    },
    "fast-csv": {
      "version": "2.4.0"
    },
    "fast-levenshtein": {
      "version": "2.0.6",
      "dev": true
    },
    "file-sync-cmp": {
      "version": "0.1.1",
      "dev": true
    },
    "fileset": {
      "version": "0.1.8",
      "dependencies": {
        "glob": {
          "version": "3.2.11",
          "dependencies": {
            "minimatch": {
              "version": "0.3.0",
              "dev": true
            }
          },
          "dev": true
        },
        "minimatch": {
          "version": "0.4.0",
          "dev": true
        }
      },
      "dev": true
    },
    "finalhandler": {
      "version": "1.0.3"
    },
    "find-up": {
      "version": "1.1.2",
      "dev": true
    },
    "findup-sync": {
      "version": "0.3.0",
      "dependencies": {
        "glob": {
          "version": "5.0.15",
          "dev": true
        }
      },
      "dev": true
    },
    "follow": {
      "version": "0.12.1",
      "dependencies": {
        "asn1": {
          "version": "0.1.11"
        },
        "assert-plus": {
          "version": "0.1.5"
        },
        "async": {
          "version": "0.9.2"
        },
        "aws-sign2": {
          "version": "0.5.0"
        },
        "caseless": {
          "version": "0.9.0"
        },
        "combined-stream": {
          "version": "0.0.7"
        },
        "delayed-stream": {
          "version": "0.0.5"
        },
        "form-data": {
          "version": "0.2.0"
        },
        "har-validator": {
          "version": "1.8.0"
        },
        "hawk": {
          "version": "2.3.1"
        },
        "http-signature": {
          "version": "0.10.1"
        },
        "mime-db": {
          "version": "1.12.0"
        },
        "mime-types": {
          "version": "2.0.14"
        },
        "node-uuid": {
          "version": "1.4.8"
        },
        "oauth-sign": {
          "version": "0.6.0"
        },
        "qs": {
          "version": "2.4.2"
        },
        "request": {
          "version": "2.55.0"
        },
        "tunnel-agent": {
          "version": "0.4.3"
        }
      }
    },
    "foreach": {
      "version": "2.0.5"
    },
    "forever-agent": {
      "version": "0.6.1"
    },
    "form-data": {
      "version": "2.1.4"
    },
    "forwarded": {
      "version": "0.1.0"
    },
    "fresh": {
      "version": "0.5.0"
    },
    "fs": {
      "version": "0.0.2"
    },
    "fs.realpath": {
      "version": "1.0.0",
      "dev": true
    },
    "gaze": {
      "version": "0.3.4",
      "dependencies": {
        "minimatch": {
          "version": "0.2.14",
          "dev": true
        }
      },
      "dev": true
    },
    "generate-function": {
      "version": "2.0.0"
    },
    "generate-object-property": {
      "version": "1.2.0"
    },
    "get-stdin": {
      "version": "4.0.1",
      "dev": true
    },
    "getobject": {
      "version": "0.1.0",
      "dev": true
    },
    "getpass": {
      "version": "0.1.7",
      "dependencies": {
        "assert-plus": {
          "version": "1.0.0"
        }
      }
    },
    "glob": {
      "version": "7.0.6",
      "dev": true
    },
    "graceful-fs": {
      "version": "4.1.11",
      "dev": true
    },
    "growl": {
      "version": "1.7.0",
      "dev": true
    },
    "grunt": {
      "version": "1.0.1",
      "dependencies": {
        "esprima": {
          "version": "2.7.3",
          "dev": true
        },
        "grunt-cli": {
          "version": "1.2.0",
          "dev": true
        },
        "js-yaml": {
          "version": "3.5.5",
          "dev": true
        }
      },
      "dev": true
    },
    "grunt-contrib-copy": {
      "version": "1.0.0",
      "dev": true
    },
    "grunt-istanbul": {
      "version": "0.7.2",
      "dependencies": {
        "chalk": {
          "version": "1.1.1",
          "dev": true
        }
      },
      "dev": true
    },
    "grunt-jasmine-node": {
      "version": "0.3.1",
      "dependencies": {
        "coffee-script": {
          "version": "1.6.3",
          "dev": true
        }
      },
      "dev": true
    },
    "grunt-known-options": {
      "version": "1.1.0",
      "dev": true
    },
    "grunt-legacy-log": {
      "version": "1.0.0",
      "dev": true
    },
    "grunt-legacy-log-utils": {
      "version": "1.0.0",
      "dependencies": {
        "lodash": {
          "version": "4.3.0",
          "dev": true
        }
      },
      "dev": true
    },
    "grunt-legacy-util": {
      "version": "1.0.0",
      "dependencies": {
        "lodash": {
          "version": "4.3.0",
          "dev": true
        }
      },
      "dev": true
    },
    "grunt-sonar-runner": {
      "version": "2.4.8",
      "dev": true
    },
    "handlebars": {
      "version": "4.0.10",
      "dependencies": {
        "source-map": {
          "version": "0.4.4",
          "dev": true
        }
      },
      "dev": true
    },
    "har-schema": {
      "version": "1.0.5"
    },
    "har-validator": {
      "version": "4.2.1"
    },
    "has-ansi": {
      "version": "2.0.0"
    },
    "has-flag": {
      "version": "1.0.0",
      "dev": true
    },
    "hawk": {
      "version": "3.1.3"
    },
    "hoek": {
      "version": "2.16.3"
    },
    "hooker": {
      "version": "0.2.3",
      "dev": true
    },
    "hosted-git-info": {
      "version": "2.4.2",
      "dev": true
    },
    "http-errors": {
      "version": "1.6.1"
    },
    "http-signature": {
      "version": "1.1.1"
    },
    "iconv-lite": {
      "version": "0.4.17",
      "dev": true
    },
    "indent-string": {
      "version": "2.1.0",
      "dev": true
    },
    "inflight": {
      "version": "1.0.6",
      "dev": true
    },
    "inherit": {
      "version": "2.2.6",
      "dev": true
    },
    "inherits": {
      "version": "2.0.3"
    },
    "ipaddr.js": {
      "version": "1.3.0"
    },
    "is-arrayish": {
      "version": "0.2.1",
      "dev": true
    },
    "is-buffer": {
      "version": "1.1.5",
      "dev": true
    },
    "is-builtin-module": {
      "version": "1.0.0",
      "dev": true
    },
    "is-extended": {
      "version": "0.0.10"
    },
    "is-finite": {
      "version": "1.0.2",
      "dev": true
    },
    "is-my-json-valid": {
      "version": "2.16.0"
    },
    "is-nan": {
      "version": "1.2.1"
    },
    "is-property": {
      "version": "1.0.2"
    },
    "is-typedarray": {
      "version": "1.0.0"
    },
    "is-utf8": {
      "version": "0.2.1",
      "dev": true
    },
    "isarray": {
      "version": "0.0.1"
    },
    "isexe": {
      "version": "2.0.0",
      "dev": true
    },
    "isstream": {
      "version": "0.1.2"
    },
    "istanbul": {
      "version": "0.4.5",
      "dependencies": {
        "abbrev": {
          "version": "1.0.9",
          "dev": true
        },
        "esprima": {
          "version": "2.7.3",
          "dev": true
        },
        "glob": {
          "version": "5.0.15",
          "dev": true
        },
        "supports-color": {
          "version": "3.2.3",
          "dev": true
        }
      },
      "dev": true
    },
    "jasmine-beforeall": {
      "version": "0.1.1",
      "dev": true
    },
    "jasmine-growl-reporter": {
      "version": "0.0.3",
      "dev": true
    },
    "jasmine-node": {
      "version": "1.14.5",
      "dependencies": {
        "mkdirp": {
          "version": "0.3.5",
          "dev": true
        }
      },
      "dev": true
    },
    "jasmine-reporters": {
      "version": "1.0.2",
      "dependencies": {
        "mkdirp": {
          "version": "0.3.5",
          "dev": true
        }
      },
      "dev": true
    },
    "jit-grunt": {
      "version": "0.10.0",
      "dev": true
    },
    "jodid25519": {
      "version": "1.0.2",
      "optional": true
    },
    "js-yaml": {
      "version": "3.8.4"
    },
    "jsbn": {
      "version": "0.1.1",
      "optional": true
    },
    "json-schema": {
      "version": "0.2.3"
    },
    "json-stable-stringify": {
      "version": "1.0.1"
    },
    "json-stringify-safe": {
      "version": "5.0.1"
    },
    "jsonify": {
      "version": "0.0.0"
    },
    "jsonpointer": {
      "version": "4.0.1"
    },
    "jsprim": {
      "version": "1.4.0",
      "dependencies": {
        "assert-plus": {
          "version": "1.0.0"
        }
      }
    },
    "kind-of": {
      "version": "3.2.2",
      "dev": true
    },
    "later": {
      "version": "1.2.0"
    },
    "lazy-cache": {
      "version": "1.0.4",
      "dev": true,
      "optional": true
    },
    "levn": {
      "version": "0.3.0",
      "dev": true
    },
    "load-grunt-config": {
      "version": "0.19.2",
      "dependencies": {
        "esprima": {
          "version": "2.7.3",
          "dev": true
        },
        "glob": {
          "version": "5.0.15",
          "dev": true
        },
        "js-yaml": {
          "version": "3.4.6",
          "dev": true
        }
      },
      "dev": true
    },
    "load-grunt-tasks": {
      "version": "3.3.0",
      "dev": true
    },
    "load-json-file": {
      "version": "1.1.0",
      "dev": true
    },
    "lodash": {
      "version": "3.10.1",
      "dev": true
    },
    "long-timeout": {
      "version": "0.1.1"
    },
    "longest": {
      "version": "1.0.1",
      "dev": true
    },
    "loud-rejection": {
      "version": "1.6.0",
      "dev": true
    },
    "lru-cache": {
      "version": "2.7.3",
      "dev": true
    },
    "map-obj": {
      "version": "1.0.1",
      "dev": true
    },
    "media-typer": {
      "version": "0.3.0"
    },
    "meow": {
      "version": "3.7.0",
      "dev": true
    },
    "merge-descriptors": {
      "version": "1.0.1"
    },
    "methods": {
      "version": "1.1.2"
    },
    "mime": {
      "version": "1.3.4"
    },
    "mime-db": {
      "version": "1.27.0"
    },
    "mime-types": {
      "version": "2.1.15"
    },
    "minimatch": {
      "version": "3.0.4",
      "dev": true
    },
    "minimist": {
      "version": "1.2.0",
      "dev": true
    },
    "mkdirp": {
      "version": "0.5.1",
      "dependencies": {
        "minimist": {
          "version": "0.0.8",
          "dev": true
        }
      },
      "dev": true
    },
    "moment": {
      "version": "2.18.1"
    },
    "moment-timezone": {
      "version": "0.5.13"
    },
    "ms": {
      "version": "2.0.0"
    },
    "multimatch": {
      "version": "2.1.0",
      "dev": true
    },
    "nano": {
      "version": "6.4.0"
    },
    "negotiator": {
      "version": "0.6.1"
    },
    "nock": {
      "version": "9.0.13",
      "dependencies": {
        "lodash": {
          "version": "4.17.4",
          "dev": true
        }
      },
      "dev": true
    },
    "node-schedule": {
      "version": "1.2.3"
    },
    "nopt": {
      "version": "3.0.6",
      "dev": true
    },
    "normalize-package-data": {
      "version": "2.3.8",
      "dev": true
    },
    "nue": {
      "version": "0.7.1",
      "dev": true
    },
    "number-is-nan": {
      "version": "1.0.1",
      "dev": true
    },
    "oauth-sign": {
      "version": "0.8.2"
    },
    "object-assign": {
      "version": "4.1.1",
      "dev": true
    },
    "object-extended": {
      "version": "0.0.7"
    },
    "object-keys": {
      "version": "1.0.11"
    },
    "on-finished": {
      "version": "2.3.0"
    },
    "once": {
      "version": "1.4.0",
      "dev": true
    },
    "optimist": {
      "version": "0.6.1",
      "dependencies": {
        "minimist": {
          "version": "0.0.10",
          "dev": true
        },
        "wordwrap": {
          "version": "0.0.3",
          "dev": true
        }
      },
      "dev": true
    },
    "optionator": {
      "version": "0.8.2",
      "dev": true
    },
    "parse-json": {
      "version": "2.2.0",
      "dev": true
    },
    "parseurl": {
      "version": "1.3.1"
    },
    "path-exists": {
      "version": "2.1.0",
      "dev": true
    },
    "path-is-absolute": {
      "version": "1.0.1",
      "dev": true
    },
    "path-to-regexp": {
      "version": "0.1.7"
    },
    "path-type": {
      "version": "1.1.0",
      "dev": true
    },
    "performance-now": {
      "version": "0.2.0"
    },
    "pify": {
      "version": "2.3.0",
      "dev": true
    },
    "pinkie": {
      "version": "2.0.4",
      "dev": true
    },
    "pinkie-promise": {
      "version": "2.0.1",
      "dev": true
    },
    "pkg-up": {
      "version": "1.0.0",
      "dev": true
    },
    "prelude-ls": {
      "version": "1.1.2",
      "dev": true
    },
    "prettycron": {
      "version": "0.10.0"
    },
    "promise": {
      "version": "7.3.1"
    },
    "propagate": {
      "version": "0.4.0",
      "dev": true
    },
    "proxy-addr": {
      "version": "1.1.4"
    },
    "punycode": {
      "version": "1.4.1"
    },
    "qs": {
      "version": "6.4.0"
    },
    "range-parser": {
      "version": "1.2.0"
    },
    "raw-body": {
      "version": "2.2.0",
      "from": "raw-body@>=2.2.0 <2.3.0",
      "resolved": "http://repo.digital.gov.uk/repository/npm-all/raw-body/-/raw-body-2.2.0.tgz",
      "dependencies": {
        "iconv-lite": {
          "version": "0.4.15",
          "from": "iconv-lite@0.4.15",
          "resolved": "http://repo.digital.gov.uk/repository/npm-all/iconv-lite/-/iconv-lite-0.4.15.tgz"
        }
      }
    },
    "read-pkg": {
      "version": "1.1.0",
      "dev": true
    },
    "read-pkg-up": {
      "version": "1.0.1",
      "dev": true
    },
    "readable-stream": {
      "version": "1.0.34"
    },
    "redent": {
      "version": "1.0.0",
      "dev": true
    },
    "repeat-string": {
      "version": "1.6.1",
      "dev": true
    },
    "repeating": {
      "version": "2.0.1",
      "dev": true
    },
    "request": {
      "version": "2.81.0"
    },
    "requirefresh": {
      "version": "2.1.0",
      "dev": true
    },
    "requirejs": {
      "version": "2.3.3",
      "dev": true
    },
    "resolve": {
      "version": "1.1.7",
      "dev": true
    },
    "right-align": {
      "version": "0.1.3",
      "dev": true,
      "optional": true
    },
    "rimraf": {
      "version": "2.2.8",
      "dev": true
    },
    "safe-buffer": {
      "version": "5.1.0"
    },
    "safefs": {
      "version": "4.1.0",
      "dev": true
    },
    "sealant": {
      "version": "0.0.3",
      "dependencies": {
        "json-stable-stringify": {
          "version": "1.0.1",
          "dependencies": {
            "jsonify": {
              "version": "0.0.0",
              "dev": true
            }
          },
          "dev": true
        }
      },
      "dev": true
    },
    "semver": {
      "version": "5.3.0",
      "dev": true
    },
    "send": {
      "version": "0.15.3"
    },
    "serve-static": {
      "version": "1.12.3"
    },
    "setprototypeof": {
      "version": "1.0.3"
    },
    "sigmund": {
      "version": "1.0.1",
      "dev": true
    },
    "signal-exit": {
      "version": "3.0.2",
      "dev": true
    },
    "sntp": {
      "version": "1.0.9"
    },
    "sorted-array-functions": {
      "version": "1.0.0"
    },
    "source-map": {
      "version": "0.2.0",
      "dev": true,
      "optional": true
    },
    "spdx-correct": {
      "version": "1.0.2",
      "dev": true
    },
    "spdx-expression-parse": {
      "version": "1.0.4",
      "dev": true
    },
    "spdx-license-ids": {
      "version": "1.2.2",
      "dev": true
    },
    "sprintf-js": {
      "version": "1.0.3"
    },
    "sshpk": {
      "version": "1.13.0",
      "dependencies": {
        "assert-plus": {
          "version": "1.0.0"
        }
      }
    },
    "statuses": {
      "version": "1.3.1"
    },
    "string-extended": {
      "version": "0.0.8"
    },
    "string_decoder": {
      "version": "0.10.31"
    },
    "stringstream": {
      "version": "0.0.5"
    },
    "strip-ansi": {
      "version": "3.0.1"
    },
    "strip-bom": {
      "version": "2.0.0",
      "dev": true
    },
    "strip-indent": {
      "version": "1.0.1",
      "dev": true
    },
    "supports-color": {
      "version": "2.0.0"
    },
    "tough-cookie": {
      "version": "2.3.2"
    },
    "trim-newlines": {
      "version": "1.0.0",
      "dev": true
    },
    "tunnel-agent": {
      "version": "0.6.0"
    },
    "tweetnacl": {
      "version": "0.14.5",
      "optional": true
    },
    "type-check": {
      "version": "0.3.2",
      "dev": true
    },
    "type-detect": {
      "version": "1.0.0",
      "dev": true
    },
    "type-is": {
      "version": "1.6.15"
    },
    "typechecker": {
      "version": "4.4.1",
      "dev": true
    },
    "uglify-js": {
      "version": "2.8.28",
      "dependencies": {
        "source-map": {
          "version": "0.5.6",
          "dev": true,
          "optional": true
        }
      },
      "dev": true,
      "optional": true
    },
    "uglify-to-browserify": {
      "version": "1.0.2",
      "dev": true,
      "optional": true
    },
    "underscore": {
      "version": "1.8.3"
    },
    "underscore.string": {
      "version": "3.2.3",
      "dev": true
    },
    "unpipe": {
      "version": "1.0.0"
    },
    "utils-merge": {
      "version": "1.0.0"
    },
    "uuid": {
      "version": "3.0.1"
    },
    "validate-npm-package-license": {
      "version": "3.0.1",
      "dev": true
    },
    "vary": {
      "version": "1.1.1"
    },
    "verror": {
      "version": "1.3.6"
    },
    "walkdir": {
      "version": "0.0.11",
      "dev": true
    },
    "which": {
      "version": "1.2.14",
      "dev": true
    },
    "window-size": {
      "version": "0.1.0",
      "dev": true,
      "optional": true
    },
    "wordwrap": {
      "version": "1.0.0",
      "dev": true
    },
    "wrappy": {
      "version": "1.0.2",
      "dev": true
    },
    "xtend": {
      "version": "4.0.1"
    },
    "yargs": {
      "version": "3.10.0",
      "dependencies": {
        "camelcase": {
          "version": "1.2.1",
          "dev": true,
          "optional": true
        }
      },
      "dev": true,
      "optional": true
    }
  }
}
